
Microsoft Visual Studio Solution File, Format Version 12.00
# Visual Studio 15
VisualStudioVersion = 15.0.27004.2009
MinimumVisualStudioVersion = 10.0.40219.1
Project("{FAE04EC0-301F-11D3-BF4B-00C04F79EFBC}") = "Keystroke_Counter", "Keystroke_Counter\Keystroke_Counter.csproj", "{45BF3A14-8EC3-4EC6-91D8-5458CEBCFCAC}"
EndProject
Global
	GlobalSection(SolutionConfigurationPlatforms) = preSolution
		Debug|Any CPU = Debug|Any CPU
		Release|Any CPU = Release|Any CPU
	EndGlobalSection
	GlobalSection(ProjectConfigurationPlatforms) = postSolution
		{45BF3A14-8EC3-4EC6-91D8-5458CEBCFCAC}.Debug|Any CPU.ActiveCfg = Debug|Any CPU
		{45BF3A14-8EC3-4EC6-91D8-5458CEBCFCAC}.Debug|Any CPU.Build.0 = Debug|Any CPU
		{45BF3A14-8EC3-4EC6-91D8-5458CEBCFCAC}.Release|Any CPU.ActiveCfg = Release|Any CPU
		{45BF3A14-8EC3-4EC6-91D8-5458CEBCFCAC}.Release|Any CPU.Build.0 = Release|Any CPU
	EndGlobalSection
	GlobalSection(SolutionProperties) = preSolution
		HideSolutionNode = FALSE
	EndGlobalSection
	GlobalSection(ExtensibilityGlobals) = postSolution
		SolutionGuid = {48585088-B7D1-4E5F-A791-B67FD9DD698E}
	EndGlobalSection
EndGlobal
